
Microsoft Visual Studio Solution File, Format Version 12.00
# Visual Studio Version 17
VisualStudioVersion = 17.14.36518.9 d17.14
MinimumVisualStudioVersion = 10.0.40219.1
Project("{FAE04EC0-301F-11D3-BF4B-00C04F79EFBC}") = "CSharpEgitimKampi501", "CSharpEgitimKampi501\CSharpEgitimKampi501.csproj", "{EBC6EA62-5E96-4EAF-BF9B-1DD79610B468}"
EndProject
Global
	GlobalSection(SolutionConfigurationPlatforms) = preSolution
		Debug|Any CPU = Debug|Any CPU
		Release|Any CPU = Release|Any CPU
	EndGlobalSection
	GlobalSection(ProjectConfigurationPlatforms) = postSolution
		{EBC6EA62-5E96-4EAF-BF9B-1DD79610B468}.Debug|Any CPU.ActiveCfg = Debug|Any CPU
		{EBC6EA62-5E96-4EAF-BF9B-1DD79610B468}.Debug|Any CPU.Build.0 = Debug|Any CPU
		{EBC6EA62-5E96-4EAF-BF9B-1DD79610B468}.Release|Any CPU.ActiveCfg = Release|Any CPU
		{EBC6EA62-5E96-4EAF-BF9B-1DD79610B468}.Release|Any CPU.Build.0 = Release|Any CPU
	EndGlobalSection
	GlobalSection(SolutionProperties) = preSolution
		HideSolutionNode = FALSE
	EndGlobalSection
	GlobalSection(ExtensibilityGlobals) = postSolution
		SolutionGuid = {0BBFDD21-FCDB-46E2-83B2-C58962F086C4}
	EndGlobalSection
EndGlobal
